
Microsoft Visual Studio Solution File, Format Version 12.00
# Visual Studio Version 16
VisualStudioVersion = 16.0.29609.76
MinimumVisualStudioVersion = 10.0.40219.1
Project("{FAE04EC0-301F-11D3-BF4B-00C04F79EFBC}") = "Screen Saver", "Screen Saver\Screen Saver.csproj", "{1FD42754-9163-4900-B227-9CB54EAF0557}"
EndProject
Project("{54435603-DBB4-11D2-8724-00A0C9A8B90C}") = "Setup_DSS", "Setup_DSS\Setup_DSS.vdproj", "{696F3935-86AB-453A-885C-EE58711EBBC4}"
EndProject
Global
	GlobalSection(SolutionConfigurationPlatforms) = preSolution
		Debug|Any CPU = Debug|Any CPU
		Release|Any CPU = Release|Any CPU
	EndGlobalSection
	GlobalSection(ProjectConfigurationPlatforms) = postSolution
		{1FD42754-9163-4900-B227-9CB54EAF0557}.Debug|Any CPU.ActiveCfg = Debug|Any CPU
		{1FD42754-9163-4900-B227-9CB54EAF0557}.Debug|Any CPU.Build.0 = Debug|Any CPU
		{1FD42754-9163-4900-B227-9CB54EAF0557}.Release|Any CPU.ActiveCfg = Release|Any CPU
		{1FD42754-9163-4900-B227-9CB54EAF0557}.Release|Any CPU.Build.0 = Release|Any CPU
		{696F3935-86AB-453A-885C-EE58711EBBC4}.Debug|Any CPU.ActiveCfg = Debug
		{696F3935-86AB-453A-885C-EE58711EBBC4}.Debug|Any CPU.Build.0 = Debug
		{696F3935-86AB-453A-885C-EE58711EBBC4}.Release|Any CPU.ActiveCfg = Release
	EndGlobalSection
	GlobalSection(SolutionProperties) = preSolution
		HideSolutionNode = FALSE
	EndGlobalSection
	GlobalSection(ExtensibilityGlobals) = postSolution
		SolutionGuid = {57587122-4F9F-41FD-858C-2272EBEA06DC}
	EndGlobalSection
EndGlobal
